
Microsoft Visual Studio Solution File, Format Version 12.00
# Visual Studio 15
VisualStudioVersion = 15.0.26730.15
MinimumVisualStudioVersion = 10.0.40219.1
Project("{FAE04EC0-301F-11D3-BF4B-00C04F79EFBC}") = "HRDbFirst", "HRDbFirst\HRDbFirst.csproj", "{F2C1F2D7-3A72-49D2-9095-460C9010CC40}"
EndProject
Global
	GlobalSection(SolutionConfigurationPlatforms) = preSolution
		Debug|Any CPU = Debug|Any CPU
		Release|Any CPU = Release|Any CPU
	EndGlobalSection
	GlobalSection(ProjectConfigurationPlatforms) = postSolution
		{F2C1F2D7-3A72-49D2-9095-460C9010CC40}.Debug|Any CPU.ActiveCfg = Debug|Any CPU
		{F2C1F2D7-3A72-49D2-9095-460C9010CC40}.Debug|Any CPU.Build.0 = Debug|Any CPU
		{F2C1F2D7-3A72-49D2-9095-460C9010CC40}.Release|Any CPU.ActiveCfg = Release|Any CPU
		{F2C1F2D7-3A72-49D2-9095-460C9010CC40}.Release|Any CPU.Build.0 = Release|Any CPU
	EndGlobalSection
	GlobalSection(SolutionProperties) = preSolution
		HideSolutionNode = FALSE
	EndGlobalSection
	GlobalSection(ExtensibilityGlobals) = postSolution
		SolutionGuid = {1B018DE4-11EC-4B13-871D-050F4ACA7D92}
	EndGlobalSection
EndGlobal
